{
  "version": 4,
  "terraform_version": "1.6.2",
  "serial": 6,
  "lineage": "06d06654-92c2-a5ef-57d3-b0844b02bcb6",
  "outputs": {},
  "resources": [
    {
      "mode": "managed",
      "type": "newrelic_alert_policy",
      "name": "my-policy",
      "provider": "provider[\"registry.terraform.io/newrelic/newrelic\"]",
      "instances": [
        {
          "schema_version": 0,
          "attributes": {
            "account_id": 4043696,
            "channel_ids": null,
            "id": "4886592",
            "incident_preference": "PER_POLICY",
            "name": "Nov-policy"
          },
          "sensitive_attributes": [],
          "private": "bnVsbA=="
        }
      ]
    },
    {
      "mode": "managed",
      "type": "newrelic_notification_channel",
      "name": "email-channel",
      "provider": "provider[\"registry.terraform.io/newrelic/newrelic\"]",
      "instances": [
        {
          "schema_version": 0,
          "attributes": {
            "account_id": 4043696,
            "active": true,
            "destination_id": "99092224-c971-4539-9e89-1a48e5fef9c8",
            "id": "f1b15e0d-fb62-466a-9725-9e69a0099b92",
            "name": "Notification-channel-email",
            "product": "IINT",
            "property": [
              {
                "display_value": "",
                "key": "payload",
                "label": "Payload Template",
                "value": "{}"
              }
            ],
            "status": "DEFAULT",
            "type": "EMAIL"
          },
          "sensitive_attributes": [],
          "private": "bnVsbA==",
          "dependencies": [
            "newrelic_notification_destination.email-destination"
          ]
        }
      ]
    },
    {
      "mode": "managed",
      "type": "newrelic_notification_destination",
      "name": "email-destination",
      "provider": "provider[\"registry.terraform.io/newrelic/newrelic\"]",
      "instances": [
        {
          "schema_version": 1,
          "attributes": {
            "account_id": 4043696,
            "active": true,
            "auth_basic": [],
            "auth_token": [],
            "id": "99092224-c971-4539-9e89-1a48e5fef9c8",
            "last_sent": "",
            "name": "destination-email",
            "property": [
              {
                "display_value": "",
                "key": "email",
                "label": "",
                "value": "shanumohd524@gmail.com"
              }
            ],
            "status": "DEFAULT",
            "type": "EMAIL"
          },
          "sensitive_attributes": [],
          "private": "eyJzY2hlbWFfdmVyc2lvbiI6IjEifQ=="
        }
      ]
    },
    {
      "mode": "managed",
      "type": "newrelic_workflow",
      "name": "foo",
      "provider": "provider[\"registry.terraform.io/newrelic/newrelic\"]",
      "instances": [
        {
          "schema_version": 1,
          "attributes": {
            "account_id": 4043696,
            "destination": [
              {
                "channel_id": "f1b15e0d-fb62-466a-9725-9e69a0099b92",
                "name": "Notification-channel-email",
                "notification_triggers": [
                  "ACKNOWLEDGED",
                  "ACTIVATED",
                  "CLOSED"
                ],
                "type": "EMAIL"
              }
            ],
            "destinations_enabled": true,
            "enabled": true,
            "enrichments": [],
            "enrichments_enabled": true,
            "guid": "NDA0MzY5NnxBSU9QU3xXT1JLRkxPV3xiZDExYTFmNC1mYjllLTQ2NzgtOTc2OC0yM2MxOGMyYjE4ODU",
            "id": "bd11a1f4-fb9e-4678-9768-23c18c2b1885",
            "issues_filter": [
              {
                "filter_id": "424ac82e-dc5d-43df-933b-5dac6e959fba",
                "name": "Filter-name",
                "predicate": [
                  {
                    "attribute": "labels.policyIds",
                    "operator": "EXACTLY_MATCHES",
                    "values": [
                      "4886592"
                    ]
                  }
                ],
                "type": "FILTER"
              }
            ],
            "last_run": "",
            "muting_rules_handling": "NOTIFY_ALL_ISSUES",
            "name": "Workflow-Nov",
            "workflow_id": "bd11a1f4-fb9e-4678-9768-23c18c2b1885"
          },
          "sensitive_attributes": [],
          "private": "eyJzY2hlbWFfdmVyc2lvbiI6IjEifQ==",
          "dependencies": [
            "newrelic_alert_policy.my-policy",
            "newrelic_notification_channel.email-channel",
            "newrelic_notification_destination.email-destination"
          ]
        }
      ]
    }
  ],
  "check_results": null
}
